
Microsoft Visual Studio Solution File, Format Version 12.00
# Visual Studio Version 16
VisualStudioVersion = 16.0.28922.388
MinimumVisualStudioVersion = 10.0.40219.1
Project("{FAE04EC0-301F-11D3-BF4B-00C04F79EFBC}") = "PruebaExcel", "PruebaExcel\PruebaExcel.csproj", "{58FF29DE-E24F-4CBC-BEAD-26D44F530C92}"
EndProject
Global
	GlobalSection(SolutionConfigurationPlatforms) = preSolution
		Debug|Any CPU = Debug|Any CPU
		Release|Any CPU = Release|Any CPU
	EndGlobalSection
	GlobalSection(ProjectConfigurationPlatforms) = postSolution
		{58FF29DE-E24F-4CBC-BEAD-26D44F530C92}.Debug|Any CPU.ActiveCfg = Debug|Any CPU
		{58FF29DE-E24F-4CBC-BEAD-26D44F530C92}.Debug|Any CPU.Build.0 = Debug|Any CPU
		{58FF29DE-E24F-4CBC-BEAD-26D44F530C92}.Release|Any CPU.ActiveCfg = Release|Any CPU
		{58FF29DE-E24F-4CBC-BEAD-26D44F530C92}.Release|Any CPU.Build.0 = Release|Any CPU
	EndGlobalSection
	GlobalSection(SolutionProperties) = preSolution
		HideSolutionNode = FALSE
	EndGlobalSection
	GlobalSection(ExtensibilityGlobals) = postSolution
		SolutionGuid = {9648118B-9F20-412A-BE80-F1D181CB42B2}
	EndGlobalSection
EndGlobal
