
Microsoft Visual Studio Solution File, Format Version 12.00
# Visual Studio Version 16
VisualStudioVersion = 16.0.28922.388
MinimumVisualStudioVersion = 10.0.40219.1
Project("{FAE04EC0-301F-11D3-BF4B-00C04F79EFBC}") = "EjecutaPruebaDLL1", "EjecutaPruebaDLL1\EjecutaPruebaDLL1.csproj", "{5A2A8BFA-5903-4B42-8470-7D1C57AADECF}"
EndProject
Global
	GlobalSection(SolutionConfigurationPlatforms) = preSolution
		Debug|Any CPU = Debug|Any CPU
		Release|Any CPU = Release|Any CPU
	EndGlobalSection
	GlobalSection(ProjectConfigurationPlatforms) = postSolution
		{5A2A8BFA-5903-4B42-8470-7D1C57AADECF}.Debug|Any CPU.ActiveCfg = Debug|Any CPU
		{5A2A8BFA-5903-4B42-8470-7D1C57AADECF}.Debug|Any CPU.Build.0 = Debug|Any CPU
		{5A2A8BFA-5903-4B42-8470-7D1C57AADECF}.Release|Any CPU.ActiveCfg = Release|Any CPU
		{5A2A8BFA-5903-4B42-8470-7D1C57AADECF}.Release|Any CPU.Build.0 = Release|Any CPU
	EndGlobalSection
	GlobalSection(SolutionProperties) = preSolution
		HideSolutionNode = FALSE
	EndGlobalSection
	GlobalSection(ExtensibilityGlobals) = postSolution
		SolutionGuid = {0A4F53C0-F59D-4B09-982B-5FE630627ABB}
	EndGlobalSection
EndGlobal
