
Microsoft Visual Studio Solution File, Format Version 12.00
# Visual Studio Version 16
VisualStudioVersion = 16.0.28922.388
MinimumVisualStudioVersion = 10.0.40219.1
Project("{FAE04EC0-301F-11D3-BF4B-00C04F79EFBC}") = "PruebaDLL2", "PruebaDLL2\PruebaDLL2.csproj", "{7320A85F-1DEB-4678-A134-E8213F5FCDB6}"
EndProject
Global
	GlobalSection(SolutionConfigurationPlatforms) = preSolution
		Debug|Any CPU = Debug|Any CPU
		Release|Any CPU = Release|Any CPU
	EndGlobalSection
	GlobalSection(ProjectConfigurationPlatforms) = postSolution
		{7320A85F-1DEB-4678-A134-E8213F5FCDB6}.Debug|Any CPU.ActiveCfg = Debug|Any CPU
		{7320A85F-1DEB-4678-A134-E8213F5FCDB6}.Debug|Any CPU.Build.0 = Debug|Any CPU
		{7320A85F-1DEB-4678-A134-E8213F5FCDB6}.Release|Any CPU.ActiveCfg = Release|Any CPU
		{7320A85F-1DEB-4678-A134-E8213F5FCDB6}.Release|Any CPU.Build.0 = Release|Any CPU
	EndGlobalSection
	GlobalSection(SolutionProperties) = preSolution
		HideSolutionNode = FALSE
	EndGlobalSection
	GlobalSection(ExtensibilityGlobals) = postSolution
		SolutionGuid = {45F7DF43-4EF7-44D4-966F-29F27874F967}
	EndGlobalSection
EndGlobal
